
Microsoft Visual Studio Solution File, Format Version 12.00
# Visual Studio Version 17
VisualStudioVersion = 17.5.002.0
MinimumVisualStudioVersion = 10.0.40219.1
Project("{2150E333-8FDC-42A3-9474-1A3956D46DE8}") = "Password_manager", "Password_manager", "{43E00882-D84B-49FC-95E3-CA34D4C6E6F2}"
EndProject
Project("{2150E333-8FDC-42A3-9474-1A3956D46DE8}") = "BackEnd", "BackEnd", "{6DBD826D-FDE7-484C-93F9-34653519B16A}"
EndProject
Project("{9A19103F-16F7-4668-BE54-9A1E7A4F7556}") = "C#", "Password_manager\BackEnd\C#\C#.csproj", "{4EAFE921-E87A-436C-96DC-6FA7C91E97A2}"
EndProject
Project("{9A19103F-16F7-4668-BE54-9A1E7A4F7556}") = "PasswordManagerAPI", "Password_manager\BackEnd\PasswordManagerAPI\PasswordManagerAPI.csproj", "{74F0A7CC-DE8F-4F26-B729-8EBF2897396C}"
EndProject
Global
	GlobalSection(SolutionConfigurationPlatforms) = preSolution
		Debug|Any CPU = Debug|Any CPU
		Release|Any CPU = Release|Any CPU
	EndGlobalSection
	GlobalSection(ProjectConfigurationPlatforms) = postSolution
		{4EAFE921-E87A-436C-96DC-6FA7C91E97A2}.Debug|Any CPU.ActiveCfg = Debug|Any CPU
		{4EAFE921-E87A-436C-96DC-6FA7C91E97A2}.Debug|Any CPU.Build.0 = Debug|Any CPU
		{4EAFE921-E87A-436C-96DC-6FA7C91E97A2}.Release|Any CPU.ActiveCfg = Release|Any CPU
		{4EAFE921-E87A-436C-96DC-6FA7C91E97A2}.Release|Any CPU.Build.0 = Release|Any CPU
		{74F0A7CC-DE8F-4F26-B729-8EBF2897396C}.Debug|Any CPU.ActiveCfg = Debug|Any CPU
		{74F0A7CC-DE8F-4F26-B729-8EBF2897396C}.Debug|Any CPU.Build.0 = Debug|Any CPU
		{74F0A7CC-DE8F-4F26-B729-8EBF2897396C}.Release|Any CPU.ActiveCfg = Release|Any CPU
		{74F0A7CC-DE8F-4F26-B729-8EBF2897396C}.Release|Any CPU.Build.0 = Release|Any CPU
	EndGlobalSection
	GlobalSection(SolutionProperties) = preSolution
		HideSolutionNode = FALSE
	EndGlobalSection
	GlobalSection(NestedProjects) = preSolution
		{6DBD826D-FDE7-484C-93F9-34653519B16A} = {43E00882-D84B-49FC-95E3-CA34D4C6E6F2}
		{4EAFE921-E87A-436C-96DC-6FA7C91E97A2} = {6DBD826D-FDE7-484C-93F9-34653519B16A}
		{74F0A7CC-DE8F-4F26-B729-8EBF2897396C} = {6DBD826D-FDE7-484C-93F9-34653519B16A}
	EndGlobalSection
	GlobalSection(ExtensibilityGlobals) = postSolution
		SolutionGuid = {814A3F69-775F-4CFB-8170-3D18EFA02138}
	EndGlobalSection
EndGlobal
